// !$*UTF8*$!
{
	archiveVersion = 1;
	classes = {
	};
	objectVersion = 56;
	objects = {

/* Begin PBXBuildFile section */
		476A10D32A6489170021AA5F /* AppDelegate.swift in Sources */ = {isa = PBXBuildFile; fileRef = 476A10D22A6489170021AA5F /* AppDelegate.swift */; };
		476A10D52A6489170021AA5F /* SceneDelegate.swift in Sources */ = {isa = PBXBuildFile; fileRef = 476A10D42A6489170021AA5F /* SceneDelegate.swift */; };
		476A10D72A6489170021AA5F /* TaskViewController.swift in Sources */ = {isa = PBXBuildFile; fileRef = 476A10D62A6489170021AA5F /* TaskViewController.swift */; };
		476A10DD2A6489170021AA5F /* TaskMaster.xcdatamodeld in Sources */ = {isa = PBXBuildFile; fileRef = 476A10DB2A6489170021AA5F /* TaskMaster.xcdatamodeld */; };
		476A10DF2A6489190021AA5F /* Assets.xcassets in Resources */ = {isa = PBXBuildFile; fileRef = 476A10DE2A6489190021AA5F /* Assets.xcassets */; };
		476A10E22A6489190021AA5F /* LaunchScreen.storyboard in Resources */ = {isa = PBXBuildFile; fileRef = 476A10E02A6489190021AA5F /* LaunchScreen.storyboard */; };
		476A10ED2A6489190021AA5F /* TaskMasterTests.swift in Sources */ = {isa = PBXBuildFile; fileRef = 476A10EC2A6489190021AA5F /* TaskMasterTests.swift */; };
		476A10F72A6489190021AA5F /* TaskMasterUITests.swift in Sources */ = {isa = PBXBuildFile; fileRef = 476A10F62A6489190021AA5F /* TaskMasterUITests.swift */; };
		476A10F92A6489190021AA5F /* TaskMasterUITestsLaunchTests.swift in Sources */ = {isa = PBXBuildFile; fileRef = 476A10F82A6489190021AA5F /* TaskMasterUITestsLaunchTests.swift */; };
		476A110B2A648C3F0021AA5F /* TaskCollectionViewCell.swift in Sources */ = {isa = PBXBuildFile; fileRef = 476A110A2A648C3F0021AA5F /* TaskCollectionViewCell.swift */; };
		476A110D2A648DC20021AA5F /* TaskViewModel.swift in Sources */ = {isa = PBXBuildFile; fileRef = 476A110C2A648DC20021AA5F /* TaskViewModel.swift */; };
		476A110F2A648E410021AA5F /* AddTaskViewController.swift in Sources */ = {isa = PBXBuildFile; fileRef = 476A110E2A648E410021AA5F /* AddTaskViewController.swift */; };
		476A11122A648F200021AA5F /* Task+CoreDataClass.swift in Sources */ = {isa = PBXBuildFile; fileRef = 476A11102A648F200021AA5F /* Task+CoreDataClass.swift */; };
		476A11132A648F200021AA5F /* Task+CoreDataProperties.swift in Sources */ = {isa = PBXBuildFile; fileRef = 476A11112A648F200021AA5F /* Task+CoreDataProperties.swift */; };
		476A11152A64B2C90021AA5F /* TaskCellViewModel.swift in Sources */ = {isa = PBXBuildFile; fileRef = 476A11142A64B2C90021AA5F /* TaskCellViewModel.swift */; };
		476A11172A64E2990021AA5F /* AddTaskViewModel.swift in Sources */ = {isa = PBXBuildFile; fileRef = 476A11162A64E2990021AA5F /* AddTaskViewModel.swift */; };
		476A111A2A66221B0021AA5F /* DateHelper.swift in Sources */ = {isa = PBXBuildFile; fileRef = 476A11192A66221B0021AA5F /* DateHelper.swift */; };
		476A111C2A663DC50021AA5F /* TaskTableViewCell.swift in Sources */ = {isa = PBXBuildFile; fileRef = 476A111B2A663DC50021AA5F /* TaskTableViewCell.swift */; };
		476A111E2A664C6B0021AA5F /* EmptyTaskView.swift in Sources */ = {isa = PBXBuildFile; fileRef = 476A111D2A664C6B0021AA5F /* EmptyTaskView.swift */; };
		476A11202A664CEE0021AA5F /* EmptyViewHelper.swift in Sources */ = {isa = PBXBuildFile; fileRef = 476A111F2A664CEE0021AA5F /* EmptyViewHelper.swift */; };
		476A11222A6746860021AA5F /* CalendarViewController.swift in Sources */ = {isa = PBXBuildFile; fileRef = 476A11212A6746860021AA5F /* CalendarViewController.swift */; };
		476A11242A6747BD0021AA5F /* CompletedTasksViewController.swift in Sources */ = {isa = PBXBuildFile; fileRef = 476A11232A6747BC0021AA5F /* CompletedTasksViewController.swift */; };
		476A11262A675C550021AA5F /* CalendarViewModel.swift in Sources */ = {isa = PBXBuildFile; fileRef = 476A11252A675C550021AA5F /* CalendarViewModel.swift */; };
		476A11282A675E720021AA5F /* DataManager.swift in Sources */ = {isa = PBXBuildFile; fileRef = 476A11272A675E720021AA5F /* DataManager.swift */; };
		476A112C2A67AA0E0021AA5F /* CalendarTableViewCell.swift in Sources */ = {isa = PBXBuildFile; fileRef = 476A112B2A67AA0E0021AA5F /* CalendarTableViewCell.swift */; };
		476A112E2A68DDEC0021AA5F /* CompletedTasksViewModel.swift in Sources */ = {isa = PBXBuildFile; fileRef = 476A112D2A68DDEC0021AA5F /* CompletedTasksViewModel.swift */; };
		4CED157484CFF68A9293D587 /* Pods_TaskMaster.framework in Frameworks */ = {isa = PBXBuildFile; fileRef = 1B37C8FB62C585B9A7EFF977 /* Pods_TaskMaster.framework */; };
		F5A1207A165BBEAF7D4B5126 /* Pods_TaskMasterTests.framework in Frameworks */ = {isa = PBXBuildFile; fileRef = 59097F76C8D0B3EBB23F4AAD /* Pods_TaskMasterTests.framework */; };
		F89B4091A2B48BCF95E04E93 /* Pods_TaskMaster_TaskMasterUITests.framework in Frameworks */ = {isa = PBXBuildFile; fileRef = 9D3FB1602EE7A20EDD2FFE8A /* Pods_TaskMaster_TaskMasterUITests.framework */; };
/* End PBXBuildFile section */

/* Begin PBXContainerItemProxy section */
		476A10E92A6489190021AA5F /* PBXContainerItemProxy */ = {
			isa = PBXContainerItemProxy;
			containerPortal = 476A10C72A6489170021AA5F /* Project object */;
			proxyType = 1;
			remoteGlobalIDString = 476A10CE2A6489170021AA5F;
			remoteInfo = TaskMaster;
		};
		476A10F32A6489190021AA5F /* PBXContainerItemProxy */ = {
			isa = PBXContainerItemProxy;
			containerPortal = 476A10C72A6489170021AA5F /* Project object */;
			proxyType = 1;
			remoteGlobalIDString = 476A10CE2A6489170021AA5F;
			remoteInfo = TaskMaster;
		};
/* End PBXContainerItemProxy section */

/* Begin PBXFileReference section */
		1B37C8FB62C585B9A7EFF977 /* Pods_TaskMaster.framework */ = {isa = PBXFileReference; explicitFileType = wrapper.framework; includeInIndex = 0; path = Pods_TaskMaster.framework; sourceTree = BUILT_PRODUCTS_DIR; };
		1FFBD636C439244B7141B719 /* Pods-TaskMasterTests.debug.xcconfig */ = {isa = PBXFileReference; includeInIndex = 1; lastKnownFileType = text.xcconfig; name = "Pods-TaskMasterTests.debug.xcconfig"; path = "Target Support Files/Pods-TaskMasterTests/Pods-TaskMasterTests.debug.xcconfig"; sourceTree = "<group>"; };
		476A10CF2A6489170021AA5F /* TaskMaster.app */ = {isa = PBXFileReference; explicitFileType = wrapper.application; includeInIndex = 0; path = TaskMaster.app; sourceTree = BUILT_PRODUCTS_DIR; };
		476A10D22A6489170021AA5F /* AppDelegate.swift */ = {isa = PBXFileReference; lastKnownFileType = sourcecode.swift; path = AppDelegate.swift; sourceTree = "<group>"; };
		476A10D42A6489170021AA5F /* SceneDelegate.swift */ = {isa = PBXFileReference; lastKnownFileType = sourcecode.swift; path = SceneDelegate.swift; sourceTree = "<group>"; };
		476A10D62A6489170021AA5F /* TaskViewController.swift */ = {isa = PBXFileReference; lastKnownFileType = sourcecode.swift; path = TaskViewController.swift; sourceTree = "<group>"; };
		476A10DC2A6489170021AA5F /* TaskMaster.xcdatamodel */ = {isa = PBXFileReference; lastKnownFileType = wrapper.xcdatamodel; path = TaskMaster.xcdatamodel; sourceTree = "<group>"; };
		476A10DE2A6489190021AA5F /* Assets.xcassets */ = {isa = PBXFileReference; lastKnownFileType = folder.assetcatalog; path = Assets.xcassets; sourceTree = "<group>"; };
		476A10E12A6489190021AA5F /* Base */ = {isa = PBXFileReference; lastKnownFileType = file.storyboard; name = Base; path = Base.lproj/LaunchScreen.storyboard; sourceTree = "<group>"; };
		476A10E32A6489190021AA5F /* Info.plist */ = {isa = PBXFileReference; lastKnownFileType = text.plist.xml; path = Info.plist; sourceTree = "<group>"; };
		476A10E82A6489190021AA5F /* TaskMasterTests.xctest */ = {isa = PBXFileReference; explicitFileType = wrapper.cfbundle; includeInIndex = 0; path = TaskMasterTests.xctest; sourceTree = BUILT_PRODUCTS_DIR; };
		476A10EC2A6489190021AA5F /* TaskMasterTests.swift */ = {isa = PBXFileReference; lastKnownFileType = sourcecode.swift; path = TaskMasterTests.swift; sourceTree = "<group>"; };
		476A10F22A6489190021AA5F /* TaskMasterUITests.xctest */ = {isa = PBXFileReference; explicitFileType = wrapper.cfbundle; includeInIndex = 0; path = TaskMasterUITests.xctest; sourceTree = BUILT_PRODUCTS_DIR; };
		476A10F62A6489190021AA5F /* TaskMasterUITests.swift */ = {isa = PBXFileReference; lastKnownFileType = sourcecode.swift; path = TaskMasterUITests.swift; sourceTree = "<group>"; };
		476A10F82A6489190021AA5F /* TaskMasterUITestsLaunchTests.swift */ = {isa = PBXFileReference; lastKnownFileType = sourcecode.swift; path = TaskMasterUITestsLaunchTests.swift; sourceTree = "<group>"; };
		476A110A2A648C3F0021AA5F /* TaskCollectionViewCell.swift */ = {isa = PBXFileReference; lastKnownFileType = sourcecode.swift; path = TaskCollectionViewCell.swift; sourceTree = "<group>"; };
		476A110C2A648DC20021AA5F /* TaskViewModel.swift */ = {isa = PBXFileReference; lastKnownFileType = sourcecode.swift; path = TaskViewModel.swift; sourceTree = "<group>"; };
		476A110E2A648E410021AA5F /* AddTaskViewController.swift */ = {isa = PBXFileReference; lastKnownFileType = sourcecode.swift; path = AddTaskViewController.swift; sourceTree = "<group>"; };
		476A11102A648F200021AA5F /* Task+CoreDataClass.swift */ = {isa = PBXFileReference; lastKnownFileType = sourcecode.swift; name = "Task+CoreDataClass.swift"; path = "TaskMaster/Models/Task+CoreDataClass.swift"; sourceTree = "<group>"; };
		476A11112A648F200021AA5F /* Task+CoreDataProperties.swift */ = {isa = PBXFileReference; lastKnownFileType = sourcecode.swift; name = "Task+CoreDataProperties.swift"; path = "TaskMaster/Models/Task+CoreDataProperties.swift"; sourceTree = "<group>"; };
		476A11142A64B2C90021AA5F /* TaskCellViewModel.swift */ = {isa = PBXFileReference; lastKnownFileType = sourcecode.swift; path = TaskCellViewModel.swift; sourceTree = "<group>"; };
		476A11162A64E2990021AA5F /* AddTaskViewModel.swift */ = {isa = PBXFileReference; lastKnownFileType = sourcecode.swift; path = AddTaskViewModel.swift; sourceTree = "<group>"; };
		476A11192A66221B0021AA5F /* DateHelper.swift */ = {isa = PBXFileReference; lastKnownFileType = sourcecode.swift; path = DateHelper.swift; sourceTree = "<group>"; };
		476A111B2A663DC50021AA5F /* TaskTableViewCell.swift */ = {isa = PBXFileReference; lastKnownFileType = sourcecode.swift; path = TaskTableViewCell.swift; sourceTree = "<group>"; };
		476A111D2A664C6B0021AA5F /* EmptyTaskView.swift */ = {isa = PBXFileReference; lastKnownFileType = sourcecode.swift; path = EmptyTaskView.swift; sourceTree = "<group>"; };
		476A111F2A664CEE0021AA5F /* EmptyViewHelper.swift */ = {isa = PBXFileReference; lastKnownFileType = sourcecode.swift; path = EmptyViewHelper.swift; sourceTree = "<group>"; };
		476A11212A6746860021AA5F /* CalendarViewController.swift */ = {isa = PBXFileReference; lastKnownFileType = sourcecode.swift; path = CalendarViewController.swift; sourceTree = "<group>"; };
		476A11232A6747BC0021AA5F /* CompletedTasksViewController.swift */ = {isa = PBXFileReference; lastKnownFileType = sourcecode.swift; path = CompletedTasksViewController.swift; sourceTree = "<group>"; };
		476A11252A675C550021AA5F /* CalendarViewModel.swift */ = {isa = PBXFileReference; lastKnownFileType = sourcecode.swift; path = CalendarViewModel.swift; sourceTree = "<group>"; };
		476A11272A675E720021AA5F /* DataManager.swift */ = {isa = PBXFileReference; lastKnownFileType = sourcecode.swift; path = DataManager.swift; sourceTree = "<group>"; };
		476A112B2A67AA0E0021AA5F /* CalendarTableViewCell.swift */ = {isa = PBXFileReference; lastKnownFileType = sourcecode.swift; path = CalendarTableViewCell.swift; sourceTree = "<group>"; };
		476A112D2A68DDEC0021AA5F /* CompletedTasksViewModel.swift */ = {isa = PBXFileReference; lastKnownFileType = sourcecode.swift; path = CompletedTasksViewModel.swift; sourceTree = "<group>"; };
		59097F76C8D0B3EBB23F4AAD /* Pods_TaskMasterTests.framework */ = {isa = PBXFileReference; explicitFileType = wrapper.framework; includeInIndex = 0; path = Pods_TaskMasterTests.framework; sourceTree = BUILT_PRODUCTS_DIR; };
		650DE2D92307B3A84FA687F6 /* Pods-TaskMaster-TaskMasterUITests.release.xcconfig */ = {isa = PBXFileReference; includeInIndex = 1; lastKnownFileType = text.xcconfig; name = "Pods-TaskMaster-TaskMasterUITests.release.xcconfig"; path = "Target Support Files/Pods-TaskMaster-TaskMasterUITests/Pods-TaskMaster-TaskMasterUITests.release.xcconfig"; sourceTree = "<group>"; };
		7A4EEF6D25F6D213680EAF54 /* Pods-TaskMaster-TaskMasterUITests.debug.xcconfig */ = {isa = PBXFileReference; includeInIndex = 1; lastKnownFileType = text.xcconfig; name = "Pods-TaskMaster-TaskMasterUITests.debug.xcconfig"; path = "Target Support Files/Pods-TaskMaster-TaskMasterUITests/Pods-TaskMaster-TaskMasterUITests.debug.xcconfig"; sourceTree = "<group>"; };
		860125F4E907A61AE87EA67F /* Pods-TaskMasterTests.release.xcconfig */ = {isa = PBXFileReference; includeInIndex = 1; lastKnownFileType = text.xcconfig; name = "Pods-TaskMasterTests.release.xcconfig"; path = "Target Support Files/Pods-TaskMasterTests/Pods-TaskMasterTests.release.xcconfig"; sourceTree = "<group>"; };
		9D3FB1602EE7A20EDD2FFE8A /* Pods_TaskMaster_TaskMasterUITests.framework */ = {isa = PBXFileReference; explicitFileType = wrapper.framework; includeInIndex = 0; path = Pods_TaskMaster_TaskMasterUITests.framework; sourceTree = BUILT_PRODUCTS_DIR; };
		D3757C289C7974551926FBD2 /* Pods-TaskMaster.debug.xcconfig */ = {isa = PBXFileReference; includeInIndex = 1; lastKnownFileType = text.xcconfig; name = "Pods-TaskMaster.debug.xcconfig"; path = "Target Support Files/Pods-TaskMaster/Pods-TaskMaster.debug.xcconfig"; sourceTree = "<group>"; };
		E4A7231C0BEF654544BABA1C /* Pods-TaskMaster.release.xcconfig */ = {isa = PBXFileReference; includeInIndex = 1; lastKnownFileType = text.xcconfig; name = "Pods-TaskMaster.release.xcconfig"; path = "Target Support Files/Pods-TaskMaster/Pods-TaskMaster.release.xcconfig"; sourceTree = "<group>"; };
/* End PBXFileReference section */

/* Begin PBXFrameworksBuildPhase section */
		476A10CC2A6489170021AA5F /* Frameworks */ = {
			isa = PBXFrameworksBuildPhase;
			buildActionMask = 2147483647;
			files = (
				4CED157484CFF68A9293D587 /* Pods_TaskMaster.framework in Frameworks */,
			);
			runOnlyForDeploymentPostprocessing = 0;
		};
		476A10E52A6489190021AA5F /* Frameworks */ = {
			isa = PBXFrameworksBuildPhase;
			buildActionMask = 2147483647;
			files = (
				F5A1207A165BBEAF7D4B5126 /* Pods_TaskMasterTests.framework in Frameworks */,
			);
			runOnlyForDeploymentPostprocessing = 0;
		};
		476A10EF2A6489190021AA5F /* Frameworks */ = {
			isa = PBXFrameworksBuildPhase;
			buildActionMask = 2147483647;
			files = (
				F89B4091A2B48BCF95E04E93 /* Pods_TaskMaster_TaskMasterUITests.framework in Frameworks */,
			);
			runOnlyForDeploymentPostprocessing = 0;
		};
/* End PBXFrameworksBuildPhase section */

/* Begin PBXGroup section */
		1C555C8C9E33858F766D5CF4 /* Frameworks */ = {
			isa = PBXGroup;
			children = (
				1B37C8FB62C585B9A7EFF977 /* Pods_TaskMaster.framework */,
				9D3FB1602EE7A20EDD2FFE8A /* Pods_TaskMaster_TaskMasterUITests.framework */,
				59097F76C8D0B3EBB23F4AAD /* Pods_TaskMasterTests.framework */,
			);
			name = Frameworks;
			sourceTree = "<group>";
		};
		476A10C62A6489170021AA5F = {
			isa = PBXGroup;
			children = (
				476A11102A648F200021AA5F /* Task+CoreDataClass.swift */,
				476A11112A648F200021AA5F /* Task+CoreDataProperties.swift */,
				476A10D12A6489170021AA5F /* TaskMaster */,
				476A10EB2A6489190021AA5F /* TaskMasterTests */,
				476A10F52A6489190021AA5F /* TaskMasterUITests */,
				476A10D02A6489170021AA5F /* Products */,
				F0C3B4B531CA5BECC5BDB6C7 /* Pods */,
				1C555C8C9E33858F766D5CF4 /* Frameworks */,
			);
			sourceTree = "<group>";
		};
		476A10D02A6489170021AA5F /* Products */ = {
			isa = PBXGroup;
			children = (
				476A10CF2A6489170021AA5F /* TaskMaster.app */,
				476A10E82A6489190021AA5F /* TaskMasterTests.xctest */,
				476A10F22A6489190021AA5F /* TaskMasterUITests.xctest */,
			);
			name = Products;
			sourceTree = "<group>";
		};
		476A10D12A6489170021AA5F /* TaskMaster */ = {
			isa = PBXGroup;
			children = (
				476A11082A648BD20021AA5F /* Supporting */,
				476A11072A648BCB0021AA5F /* ViewModels */,
				476A11062A648BBF0021AA5F /* Extensions */,
				476A11052A648BB80021AA5F /* Controllers */,
				476A11092A648BDA0021AA5F /* Views */,
				476A10D22A6489170021AA5F /* AppDelegate.swift */,
				476A10D42A6489170021AA5F /* SceneDelegate.swift */,
				476A10DE2A6489190021AA5F /* Assets.xcassets */,
				476A10E02A6489190021AA5F /* LaunchScreen.storyboard */,
				476A10E32A6489190021AA5F /* Info.plist */,
				476A10DB2A6489170021AA5F /* TaskMaster.xcdatamodeld */,
			);
			path = TaskMaster;
			sourceTree = "<group>";
		};
		476A10EB2A6489190021AA5F /* TaskMasterTests */ = {
			isa = PBXGroup;
			children = (
				476A10EC2A6489190021AA5F /* TaskMasterTests.swift */,
			);
			path = TaskMasterTests;
			sourceTree = "<group>";
		};
		476A10F52A6489190021AA5F /* TaskMasterUITests */ = {
			isa = PBXGroup;
			children = (
				476A10F62A6489190021AA5F /* TaskMasterUITests.swift */,
				476A10F82A6489190021AA5F /* TaskMasterUITestsLaunchTests.swift */,
			);
			path = TaskMasterUITests;
			sourceTree = "<group>";
		};
		476A11052A648BB80021AA5F /* Controllers */ = {
			isa = PBXGroup;
			children = (
				476A10D62A6489170021AA5F /* TaskViewController.swift */,
				476A110E2A648E410021AA5F /* AddTaskViewController.swift */,
				476A11212A6746860021AA5F /* CalendarViewController.swift */,
				476A11232A6747BC0021AA5F /* CompletedTasksViewController.swift */,
			);
			path = Controllers;
			sourceTree = "<group>";
		};
		476A11062A648BBF0021AA5F /* Extensions */ = {
			isa = PBXGroup;
			children = (
			);
			path = Extensions;
			sourceTree = "<group>";
		};
		476A11072A648BCB0021AA5F /* ViewModels */ = {
			isa = PBXGroup;
			children = (
				476A110C2A648DC20021AA5F /* TaskViewModel.swift */,
				476A11142A64B2C90021AA5F /* TaskCellViewModel.swift */,
				476A11162A64E2990021AA5F /* AddTaskViewModel.swift */,
				476A11252A675C550021AA5F /* CalendarViewModel.swift */,
				476A112D2A68DDEC0021AA5F /* CompletedTasksViewModel.swift */,
			);
			path = ViewModels;
			sourceTree = "<group>";
		};
		476A11082A648BD20021AA5F /* Supporting */ = {
			isa = PBXGroup;
			children = (
				476A11182A6622060021AA5F /* Helpers */,
				476A11272A675E720021AA5F /* DataManager.swift */,
			);
			path = Supporting;
			sourceTree = "<group>";
		};
		476A11092A648BDA0021AA5F /* Views */ = {
			isa = PBXGroup;
			children = (
				476A110A2A648C3F0021AA5F /* TaskCollectionViewCell.swift */,
				476A111B2A663DC50021AA5F /* TaskTableViewCell.swift */,
				476A111D2A664C6B0021AA5F /* EmptyTaskView.swift */,
				476A112B2A67AA0E0021AA5F /* CalendarTableViewCell.swift */,
			);
			path = Views;
			sourceTree = "<group>";
		};
		476A11182A6622060021AA5F /* Helpers */ = {
			isa = PBXGroup;
			children = (
				476A11192A66221B0021AA5F /* DateHelper.swift */,
				476A111F2A664CEE0021AA5F /* EmptyViewHelper.swift */,
			);
			path = Helpers;
			sourceTree = "<group>";
		};
		F0C3B4B531CA5BECC5BDB6C7 /* Pods */ = {
			isa = PBXGroup;
			children = (
				D3757C289C7974551926FBD2 /* Pods-TaskMaster.debug.xcconfig */,
				E4A7231C0BEF654544BABA1C /* Pods-TaskMaster.release.xcconfig */,
				7A4EEF6D25F6D213680EAF54 /* Pods-TaskMaster-TaskMasterUITests.debug.xcconfig */,
				650DE2D92307B3A84FA687F6 /* Pods-TaskMaster-TaskMasterUITests.release.xcconfig */,
				1FFBD636C439244B7141B719 /* Pods-TaskMasterTests.debug.xcconfig */,
				860125F4E907A61AE87EA67F /* Pods-TaskMasterTests.release.xcconfig */,
			);
			path = Pods;
			sourceTree = "<group>";
		};
/* End PBXGroup section */

/* Begin PBXNativeTarget section */
		476A10CE2A6489170021AA5F /* TaskMaster */ = {
			isa = PBXNativeTarget;
			buildConfigurationList = 476A10FC2A6489190021AA5F /* Build configuration list for PBXNativeTarget "TaskMaster" */;
			buildPhases = (
				02648477BAEBFF814CB0561F /* [CP] Check Pods Manifest.lock */,
				476A10CB2A6489170021AA5F /* Sources */,
				476A10CC2A6489170021AA5F /* Frameworks */,
				476A10CD2A6489170021AA5F /* Resources */,
				E325FA9EB5DB1F16F1DDAE93 /* [CP] Embed Pods Frameworks */,
			);
			buildRules = (
			);
			dependencies = (
			);
			name = TaskMaster;
			productName = TaskMaster;
			productReference = 476A10CF2A6489170021AA5F /* TaskMaster.app */;
			productType = "com.apple.product-type.application";
		};
		476A10E72A6489190021AA5F /* TaskMasterTests */ = {
			isa = PBXNativeTarget;
			buildConfigurationList = 476A10FF2A6489190021AA5F /* Build configuration list for PBXNativeTarget "TaskMasterTests" */;
			buildPhases = (
				3D0782F1D93313B0DF47CE55 /* [CP] Check Pods Manifest.lock */,
				476A10E42A6489190021AA5F /* Sources */,
				476A10E52A6489190021AA5F /* Frameworks */,
				476A10E62A6489190021AA5F /* Resources */,
			);
			buildRules = (
			);
			dependencies = (
				476A10EA2A6489190021AA5F /* PBXTargetDependency */,
			);
			name = TaskMasterTests;
			productName = TaskMasterTests;
			productReference = 476A10E82A6489190021AA5F /* TaskMasterTests.xctest */;
			productType = "com.apple.product-type.bundle.unit-test";
		};
		476A10F12A6489190021AA5F /* TaskMasterUITests */ = {
			isa = PBXNativeTarget;
			buildConfigurationList = 476A11022A6489190021AA5F /* Build configuration list for PBXNativeTarget "TaskMasterUITests" */;
			buildPhases = (
				3B3B0ADD29FB94258A5C809B /* [CP] Check Pods Manifest.lock */,
				476A10EE2A6489190021AA5F /* Sources */,
				476A10EF2A6489190021AA5F /* Frameworks */,
				476A10F02A6489190021AA5F /* Resources */,
				218ABADF02F340D21F4208BD /* [CP] Embed Pods Frameworks */,
			);
			buildRules = (
			);
			dependencies = (
				476A10F42A6489190021AA5F /* PBXTargetDependency */,
			);
			name = TaskMasterUITests;
			productName = TaskMasterUITests;
			productReference = 476A10F22A6489190021AA5F /* TaskMasterUITests.xctest */;
			productType = "com.apple.product-type.bundle.ui-testing";
		};
/* End PBXNativeTarget section */

/* Begin PBXProject section */
		476A10C72A6489170021AA5F /* Project object */ = {
			isa = PBXProject;
			attributes = {
				BuildIndependentTargetsInParallel = 1;
				LastSwiftUpdateCheck = 1430;
				LastUpgradeCheck = 1430;
				TargetAttributes = {
					476A10CE2A6489170021AA5F = {
						CreatedOnToolsVersion = 14.3.1;
					};
					476A10E72A6489190021AA5F = {
						CreatedOnToolsVersion = 14.3.1;
						TestTargetID = 476A10CE2A6489170021AA5F;
					};
					476A10F12A6489190021AA5F = {
						CreatedOnToolsVersion = 14.3.1;
						TestTargetID = 476A10CE2A6489170021AA5F;
					};
				};
			};
			buildConfigurationList = 476A10CA2A6489170021AA5F /* Build configuration list for PBXProject "TaskMaster" */;
			compatibilityVersion = "Xcode 14.0";
			developmentRegion = en;
			hasScannedForEncodings = 0;
			knownRegions = (
				en,
				Base,
			);
			mainGroup = 476A10C62A6489170021AA5F;
			productRefGroup = 476A10D02A6489170021AA5F /* Products */;
			projectDirPath = "";
			projectRoot = "";
			targets = (
				476A10CE2A6489170021AA5F /* TaskMaster */,
				476A10E72A6489190021AA5F /* TaskMasterTests */,
				476A10F12A6489190021AA5F /* TaskMasterUITests */,
			);
		};
/* End PBXProject section */

/* Begin PBXResourcesBuildPhase section */
		476A10CD2A6489170021AA5F /* Resources */ = {
			isa = PBXResourcesBuildPhase;
			buildActionMask = 2147483647;
			files = (
				476A10E22A6489190021AA5F /* LaunchScreen.storyboard in Resources */,
				476A10DF2A6489190021AA5F /* Assets.xcassets in Resources */,
			);
			runOnlyForDeploymentPostprocessing = 0;
		};
		476A10E62A6489190021AA5F /* Resources */ = {
			isa = PBXResourcesBuildPhase;
			buildActionMask = 2147483647;
			files = (
			);
			runOnlyForDeploymentPostprocessing = 0;
		};
		476A10F02A6489190021AA5F /* Resources */ = {
			isa = PBXResourcesBuildPhase;
			buildActionMask = 2147483647;
			files = (
			);
			runOnlyForDeploymentPostprocessing = 0;
		};
/* End PBXResourcesBuildPhase section */

/* Begin PBXShellScriptBuildPhase section */
		02648477BAEBFF814CB0561F /* [CP] Check Pods Manifest.lock */ = {
			isa = PBXShellScriptBuildPhase;
			buildActionMask = 2147483647;
			files = (
			);
			inputFileListPaths = (
			);
			inputPaths = (
				"${PODS_PODFILE_DIR_PATH}/Podfile.lock",
				"${PODS_ROOT}/Manifest.lock",
			);
			name = "[CP] Check Pods Manifest.lock";
			outputFileListPaths = (
			);
			outputPaths = (
				"$(DERIVED_FILE_DIR)/Pods-TaskMaster-checkManifestLockResult.txt",
			);
			runOnlyForDeploymentPostprocessing = 0;
			shellPath = /bin/sh;
			shellScript = "diff \"${PODS_PODFILE_DIR_PATH}/Podfile.lock\" \"${PODS_ROOT}/Manifest.lock\" > /dev/null\nif [ $? != 0 ] ; then\n    # print error to STDERR\n    echo \"error: The sandbox is not in sync with the Podfile.lock. Run 'pod install' or update your CocoaPods installation.\" >&2\n    exit 1\nfi\n# This output is used by Xcode 'outputs' to avoid re-running this script phase.\necho \"SUCCESS\" > \"${SCRIPT_OUTPUT_FILE_0}\"\n";
			showEnvVarsInLog = 0;
		};
		218ABADF02F340D21F4208BD /* [CP] Embed Pods Frameworks */ = {
			isa = PBXShellScriptBuildPhase;
			buildActionMask = 2147483647;
			files = (
			);
			inputFileListPaths = (
				"${PODS_ROOT}/Target Support Files/Pods-TaskMaster-TaskMasterUITests/Pods-TaskMaster-TaskMasterUITests-frameworks-${CONFIGURATION}-input-files.xcfilelist",
			);
			name = "[CP] Embed Pods Frameworks";
			outputFileListPaths = (
				"${PODS_ROOT}/Target Support Files/Pods-TaskMaster-TaskMasterUITests/Pods-TaskMaster-TaskMasterUITests-frameworks-${CONFIGURATION}-output-files.xcfilelist",
			);
			runOnlyForDeploymentPostprocessing = 0;
			shellPath = /bin/sh;
			shellScript = "\"${PODS_ROOT}/Target Support Files/Pods-TaskMaster-TaskMasterUITests/Pods-TaskMaster-TaskMasterUITests-frameworks.sh\"\n";
			showEnvVarsInLog = 0;
		};
		3B3B0ADD29FB94258A5C809B /* [CP] Check Pods Manifest.lock */ = {
			isa = PBXShellScriptBuildPhase;
			buildActionMask = 2147483647;
			files = (
			);
			inputFileListPaths = (
			);
			inputPaths = (
				"${PODS_PODFILE_DIR_PATH}/Podfile.lock",
				"${PODS_ROOT}/Manifest.lock",
			);
			name = "[CP] Check Pods Manifest.lock";
			outputFileListPaths = (
			);
			outputPaths = (
				"$(DERIVED_FILE_DIR)/Pods-TaskMaster-TaskMasterUITests-checkManifestLockResult.txt",
			);
			runOnlyForDeploymentPostprocessing = 0;
			shellPath = /bin/sh;
			shellScript = "diff \"${PODS_PODFILE_DIR_PATH}/Podfile.lock\" \"${PODS_ROOT}/Manifest.lock\" > /dev/null\nif [ $? != 0 ] ; then\n    # print error to STDERR\n    echo \"error: The sandbox is not in sync with the Podfile.lock. Run 'pod install' or update your CocoaPods installation.\" >&2\n    exit 1\nfi\n# This output is used by Xcode 'outputs' to avoid re-running this script phase.\necho \"SUCCESS\" > \"${SCRIPT_OUTPUT_FILE_0}\"\n";
			showEnvVarsInLog = 0;
		};
		3D0782F1D93313B0DF47CE55 /* [CP] Check Pods Manifest.lock */ = {
			isa = PBXShellScriptBuildPhase;
			buildActionMask = 2147483647;
			files = (
			);
			inputFileListPaths = (
			);
			inputPaths = (
				"${PODS_PODFILE_DIR_PATH}/Podfile.lock",
				"${PODS_ROOT}/Manifest.lock",
			);
			name = "[CP] Check Pods Manifest.lock";
			outputFileListPaths = (
			);
			outputPaths = (
				"$(DERIVED_FILE_DIR)/Pods-TaskMasterTests-checkManifestLockResult.txt",
			);
			runOnlyForDeploymentPostprocessing = 0;
			shellPath = /bin/sh;
			shellScript = "diff \"${PODS_PODFILE_DIR_PATH}/Podfile.lock\" \"${PODS_ROOT}/Manifest.lock\" > /dev/null\nif [ $? != 0 ] ; then\n    # print error to STDERR\n    echo \"error: The sandbox is not in sync with the Podfile.lock. Run 'pod install' or update your CocoaPods installation.\" >&2\n    exit 1\nfi\n# This output is used by Xcode 'outputs' to avoid re-running this script phase.\necho \"SUCCESS\" > \"${SCRIPT_OUTPUT_FILE_0}\"\n";
			showEnvVarsInLog = 0;
		};
		E325FA9EB5DB1F16F1DDAE93 /* [CP] Embed Pods Frameworks */ = {
			isa = PBXShellScriptBuildPhase;
			buildActionMask = 2147483647;
			files = (
			);
			inputFileListPaths = (
				"${PODS_ROOT}/Target Support Files/Pods-TaskMaster/Pods-TaskMaster-frameworks-${CONFIGURATION}-input-files.xcfilelist",
			);
			name = "[CP] Embed Pods Frameworks";
			outputFileListPaths = (
				"${PODS_ROOT}/Target Support Files/Pods-TaskMaster/Pods-TaskMaster-frameworks-${CONFIGURATION}-output-files.xcfilelist",
			);
			runOnlyForDeploymentPostprocessing = 0;
			shellPath = /bin/sh;
			shellScript = "\"${PODS_ROOT}/Target Support Files/Pods-TaskMaster/Pods-TaskMaster-frameworks.sh\"\n";
			showEnvVarsInLog = 0;
		};
/* End PBXShellScriptBuildPhase section */

/* Begin PBXSourcesBuildPhase section */
		476A10CB2A6489170021AA5F /* Sources */ = {
			isa = PBXSourcesBuildPhase;
			buildActionMask = 2147483647;
			files = (
				476A11222A6746860021AA5F /* CalendarViewController.swift in Sources */,
				476A112E2A68DDEC0021AA5F /* CompletedTasksViewModel.swift in Sources */,
				476A10D72A6489170021AA5F /* TaskViewController.swift in Sources */,
				476A111C2A663DC50021AA5F /* TaskTableViewCell.swift in Sources */,
				476A112C2A67AA0E0021AA5F /* CalendarTableViewCell.swift in Sources */,
				476A11202A664CEE0021AA5F /* EmptyViewHelper.swift in Sources */,
				476A110D2A648DC20021AA5F /* TaskViewModel.swift in Sources */,
				476A111E2A664C6B0021AA5F /* EmptyTaskView.swift in Sources */,
				476A11262A675C550021AA5F /* CalendarViewModel.swift in Sources */,
				476A11122A648F200021AA5F /* Task+CoreDataClass.swift in Sources */,
				476A10D32A6489170021AA5F /* AppDelegate.swift in Sources */,
				476A11132A648F200021AA5F /* Task+CoreDataProperties.swift in Sources */,
				476A10DD2A6489170021AA5F /* TaskMaster.xcdatamodeld in Sources */,
				476A110B2A648C3F0021AA5F /* TaskCollectionViewCell.swift in Sources */,
				476A11242A6747BD0021AA5F /* CompletedTasksViewController.swift in Sources */,
				476A11172A64E2990021AA5F /* AddTaskViewModel.swift in Sources */,
				476A11282A675E720021AA5F /* DataManager.swift in Sources */,
				476A10D52A6489170021AA5F /* SceneDelegate.swift in Sources */,
				476A111A2A66221B0021AA5F /* DateHelper.swift in Sources */,
				476A110F2A648E410021AA5F /* AddTaskViewController.swift in Sources */,
				476A11152A64B2C90021AA5F /* TaskCellViewModel.swift in Sources */,
			);
			runOnlyForDeploymentPostprocessing = 0;
		};
		476A10E42A6489190021AA5F /* Sources */ = {
			isa = PBXSourcesBuildPhase;
			buildActionMask = 2147483647;
			files = (
				476A10ED2A6489190021AA5F /* TaskMasterTests.swift in Sources */,
			);
			runOnlyForDeploymentPostprocessing = 0;
		};
		476A10EE2A6489190021AA5F /* Sources */ = {
			isa = PBXSourcesBuildPhase;
			buildActionMask = 2147483647;
			files = (
				476A10F72A6489190021AA5F /* TaskMasterUITests.swift in Sources */,
				476A10F92A6489190021AA5F /* TaskMasterUITestsLaunchTests.swift in Sources */,
			);
			runOnlyForDeploymentPostprocessing = 0;
		};
/* End PBXSourcesBuildPhase section */

/* Begin PBXTargetDependency section */
		476A10EA2A6489190021AA5F /* PBXTargetDependency */ = {
			isa = PBXTargetDependency;
			target = 476A10CE2A6489170021AA5F /* TaskMaster */;
			targetProxy = 476A10E92A6489190021AA5F /* PBXContainerItemProxy */;
		};
		476A10F42A6489190021AA5F /* PBXTargetDependency */ = {
			isa = PBXTargetDependency;
			target = 476A10CE2A6489170021AA5F /* TaskMaster */;
			targetProxy = 476A10F32A6489190021AA5F /* PBXContainerItemProxy */;
		};
/* End PBXTargetDependency section */

/* Begin PBXVariantGroup section */
		476A10E02A6489190021AA5F /* LaunchScreen.storyboard */ = {
			isa = PBXVariantGroup;
			children = (
				476A10E12A6489190021AA5F /* Base */,
			);
			name = LaunchScreen.storyboard;
			sourceTree = "<group>";
		};
/* End PBXVariantGroup section */

/* Begin XCBuildConfiguration section */
		476A10FA2A6489190021AA5F /* Debug */ = {
			isa = XCBuildConfiguration;
			buildSettings = {
				ALWAYS_SEARCH_USER_PATHS = NO;
				CLANG_ANALYZER_NONNULL = YES;
				CLANG_ANALYZER_NUMBER_OBJECT_CONVERSION = YES_AGGRESSIVE;
				CLANG_CXX_LANGUAGE_STANDARD = "gnu++20";
				CLANG_ENABLE_MODULES = YES;
				CLANG_ENABLE_OBJC_ARC = YES;
				CLANG_ENABLE_OBJC_WEAK = YES;
				CLANG_WARN_BLOCK_CAPTURE_AUTORELEASING = YES;
				CLANG_WARN_BOOL_CONVERSION = YES;
				CLANG_WARN_COMMA = YES;
				CLANG_WARN_CONSTANT_CONVERSION = YES;
				CLANG_WARN_DEPRECATED_OBJC_IMPLEMENTATIONS = YES;
				CLANG_WARN_DIRECT_OBJC_ISA_USAGE = YES_ERROR;
				CLANG_WARN_DOCUMENTATION_COMMENTS = YES;
				CLANG_WARN_EMPTY_BODY = YES;
				CLANG_WARN_ENUM_CONVERSION = YES;
				CLANG_WARN_INFINITE_RECURSION = YES;
				CLANG_WARN_INT_CONVERSION = YES;
				CLANG_WARN_NON_LITERAL_NULL_CONVERSION = YES;
				CLANG_WARN_OBJC_IMPLICIT_RETAIN_SELF = YES;
				CLANG_WARN_OBJC_LITERAL_CONVERSION = YES;
				CLANG_WARN_OBJC_ROOT_CLASS = YES_ERROR;
				CLANG_WARN_QUOTED_INCLUDE_IN_FRAMEWORK_HEADER = YES;
				CLANG_WARN_RANGE_LOOP_ANALYSIS = YES;
				CLANG_WARN_STRICT_PROTOTYPES = YES;
				CLANG_WARN_SUSPICIOUS_MOVE = YES;
				CLANG_WARN_UNGUARDED_AVAILABILITY = YES_AGGRESSIVE;
				CLANG_WARN_UNREACHABLE_CODE = YES;
				CLANG_WARN__DUPLICATE_METHOD_MATCH = YES;
				COPY_PHASE_STRIP = NO;
				DEBUG_INFORMATION_FORMAT = dwarf;
				ENABLE_STRICT_OBJC_MSGSEND = YES;
				ENABLE_TESTABILITY = YES;
				GCC_C_LANGUAGE_STANDARD = gnu11;
				GCC_DYNAMIC_NO_PIC = NO;
				GCC_NO_COMMON_BLOCKS = YES;
				GCC_OPTIMIZATION_LEVEL = 0;
				GCC_PREPROCESSOR_DEFINITIONS = (
					"DEBUG=1",
					"$(inherited)",
				);
				GCC_WARN_64_TO_32_BIT_CONVERSION = YES;
				GCC_WARN_ABOUT_RETURN_TYPE = YES_ERROR;
				GCC_WARN_UNDECLARED_SELECTOR = YES;
				GCC_WARN_UNINITIALIZED_AUTOS = YES_AGGRESSIVE;
				GCC_WARN_UNUSED_FUNCTION = YES;
				GCC_WARN_UNUSED_VARIABLE = YES;
				IPHONEOS_DEPLOYMENT_TARGET = 16.4;
				MTL_ENABLE_DEBUG_INFO = INCLUDE_SOURCE;
				MTL_FAST_MATH = YES;
				ONLY_ACTIVE_ARCH = YES;
				SDKROOT = iphoneos;
				SWIFT_ACTIVE_COMPILATION_CONDITIONS = DEBUG;
				SWIFT_OPTIMIZATION_LEVEL = "-Onone";
			};
			name = Debug;
		};
		476A10FB2A6489190021AA5F /* Release */ = {
			isa = XCBuildConfiguration;
			buildSettings = {
				ALWAYS_SEARCH_USER_PATHS = NO;
				CLANG_ANALYZER_NONNULL = YES;
				CLANG_ANALYZER_NUMBER_OBJECT_CONVERSION = YES_AGGRESSIVE;
				CLANG_CXX_LANGUAGE_STANDARD = "gnu++20";
				CLANG_ENABLE_MODULES = YES;
				CLANG_ENABLE_OBJC_ARC = YES;
				CLANG_ENABLE_OBJC_WEAK = YES;
				CLANG_WARN_BLOCK_CAPTURE_AUTORELEASING = YES;
				CLANG_WARN_BOOL_CONVERSION = YES;
				CLANG_WARN_COMMA = YES;
				CLANG_WARN_CONSTANT_CONVERSION = YES;
				CLANG_WARN_DEPRECATED_OBJC_IMPLEMENTATIONS = YES;
				CLANG_WARN_DIRECT_OBJC_ISA_USAGE = YES_ERROR;
				CLANG_WARN_DOCUMENTATION_COMMENTS = YES;
				CLANG_WARN_EMPTY_BODY = YES;
				CLANG_WARN_ENUM_CONVERSION = YES;
				CLANG_WARN_INFINITE_RECURSION = YES;
				CLANG_WARN_INT_CONVERSION = YES;
				CLANG_WARN_NON_LITERAL_NULL_CONVERSION = YES;
				CLANG_WARN_OBJC_IMPLICIT_RETAIN_SELF = YES;
				CLANG_WARN_OBJC_LITERAL_CONVERSION = YES;
				CLANG_WARN_OBJC_ROOT_CLASS = YES_ERROR;
				CLANG_WARN_QUOTED_INCLUDE_IN_FRAMEWORK_HEADER = YES;
				CLANG_WARN_RANGE_LOOP_ANALYSIS = YES;
				CLANG_WARN_STRICT_PROTOTYPES = YES;
				CLANG_WARN_SUSPICIOUS_MOVE = YES;
				CLANG_WARN_UNGUARDED_AVAILABILITY = YES_AGGRESSIVE;
				CLANG_WARN_UNREACHABLE_CODE = YES;
				CLANG_WARN__DUPLICATE_METHOD_MATCH = YES;
				COPY_PHASE_STRIP = NO;
				DEBUG_INFORMATION_FORMAT = "dwarf-with-dsym";
				ENABLE_NS_ASSERTIONS = NO;
				ENABLE_STRICT_OBJC_MSGSEND = YES;
				GCC_C_LANGUAGE_STANDARD = gnu11;
				GCC_NO_COMMON_BLOCKS = YES;
				GCC_WARN_64_TO_32_BIT_CONVERSION = YES;
				GCC_WARN_ABOUT_RETURN_TYPE = YES_ERROR;
				GCC_WARN_UNDECLARED_SELECTOR = YES;
				GCC_WARN_UNINITIALIZED_AUTOS = YES_AGGRESSIVE;
				GCC_WARN_UNUSED_FUNCTION = YES;
				GCC_WARN_UNUSED_VARIABLE = YES;
				IPHONEOS_DEPLOYMENT_TARGET = 16.4;
				MTL_ENABLE_DEBUG_INFO = NO;
				MTL_FAST_MATH = YES;
				SDKROOT = iphoneos;
				SWIFT_COMPILATION_MODE = wholemodule;
				SWIFT_OPTIMIZATION_LEVEL = "-O";
				VALIDATE_PRODUCT = YES;
			};
			name = Release;
		};
		476A10FD2A6489190021AA5F /* Debug */ = {
			isa = XCBuildConfiguration;
			baseConfigurationReference = D3757C289C7974551926FBD2 /* Pods-TaskMaster.debug.xcconfig */;
			buildSettings = {
				ASSETCATALOG_COMPILER_APPICON_NAME = AppIcon;
				ASSETCATALOG_COMPILER_GLOBAL_ACCENT_COLOR_NAME = AccentColor;
				CODE_SIGN_STYLE = Automatic;
				CURRENT_PROJECT_VERSION = 1;
				DEVELOPMENT_TEAM = 9DJ3NHWZB3;
				GENERATE_INFOPLIST_FILE = YES;
				INFOPLIST_FILE = TaskMaster/Info.plist;
				INFOPLIST_KEY_UIApplicationSupportsIndirectInputEvents = YES;
				INFOPLIST_KEY_UILaunchStoryboardName = LaunchScreen;
				INFOPLIST_KEY_UISupportedInterfaceOrientations_iPad = "UIInterfaceOrientationPortrait UIInterfaceOrientationPortraitUpsideDown UIInterfaceOrientationLandscapeLeft UIInterfaceOrientationLandscapeRight";
				INFOPLIST_KEY_UISupportedInterfaceOrientations_iPhone = "UIInterfaceOrientationPortrait UIInterfaceOrientationLandscapeLeft UIInterfaceOrientationLandscapeRight";
				LD_RUNPATH_SEARCH_PATHS = (
					"$(inherited)",
					"@executable_path/Frameworks",
				);
				MARKETING_VERSION = 1.0;
				PRODUCT_BUNDLE_IDENTIFIER = com.cs4372.TaskMaster;
				PRODUCT_NAME = "$(TARGET_NAME)";
				SWIFT_EMIT_LOC_STRINGS = YES;
				SWIFT_VERSION = 5.0;
				TARGETED_DEVICE_FAMILY = "1,2";
			};
			name = Debug;
		};
		476A10FE2A6489190021AA5F /* Release */ = {
			isa = XCBuildConfiguration;
			baseConfigurationReference = E4A7231C0BEF654544BABA1C /* Pods-TaskMaster.release.xcconfig */;
			buildSettings = {
				ASSETCATALOG_COMPILER_APPICON_NAME = AppIcon;
				ASSETCATALOG_COMPILER_GLOBAL_ACCENT_COLOR_NAME = AccentColor;
				CODE_SIGN_STYLE = Automatic;
				CURRENT_PROJECT_VERSION = 1;
				DEVELOPMENT_TEAM = 9DJ3NHWZB3;
				GENERATE_INFOPLIST_FILE = YES;
				INFOPLIST_FILE = TaskMaster/Info.plist;
				INFOPLIST_KEY_UIApplicationSupportsIndirectInputEvents = YES;
				INFOPLIST_KEY_UILaunchStoryboardName = LaunchScreen;
				INFOPLIST_KEY_UISupportedInterfaceOrientations_iPad = "UIInterfaceOrientationPortrait UIInterfaceOrientationPortraitUpsideDown UIInterfaceOrientationLandscapeLeft UIInterfaceOrientationLandscapeRight";
				INFOPLIST_KEY_UISupportedInterfaceOrientations_iPhone = "UIInterfaceOrientationPortrait UIInterfaceOrientationLandscapeLeft UIInterfaceOrientationLandscapeRight";
				LD_RUNPATH_SEARCH_PATHS = (
					"$(inherited)",
					"@executable_path/Frameworks",
				);
				MARKETING_VERSION = 1.0;
				PRODUCT_BUNDLE_IDENTIFIER = com.cs4372.TaskMaster;
				PRODUCT_NAME = "$(TARGET_NAME)";
				SWIFT_EMIT_LOC_STRINGS = YES;
				SWIFT_VERSION = 5.0;
				TARGETED_DEVICE_FAMILY = "1,2";
			};
			name = Release;
		};
		476A11002A6489190021AA5F /* Debug */ = {
			isa = XCBuildConfiguration;
			baseConfigurationReference = 1FFBD636C439244B7141B719 /* Pods-TaskMasterTests.debug.xcconfig */;
			buildSettings = {
				ALWAYS_EMBED_SWIFT_STANDARD_LIBRARIES = YES;
				BUNDLE_LOADER = "$(TEST_HOST)";
				CODE_SIGN_STYLE = Automatic;
				CURRENT_PROJECT_VERSION = 1;
				DEVELOPMENT_TEAM = 9DJ3NHWZB3;
				GENERATE_INFOPLIST_FILE = YES;
				IPHONEOS_DEPLOYMENT_TARGET = 16.4;
				MARKETING_VERSION = 1.0;
				PRODUCT_BUNDLE_IDENTIFIER = com.cs4372.TaskMasterTests;
				PRODUCT_NAME = "$(TARGET_NAME)";
				SWIFT_EMIT_LOC_STRINGS = NO;
				SWIFT_VERSION = 5.0;
				TARGETED_DEVICE_FAMILY = "1,2";
				TEST_HOST = "$(BUILT_PRODUCTS_DIR)/TaskMaster.app/$(BUNDLE_EXECUTABLE_FOLDER_PATH)/TaskMaster";
			};
			name = Debug;
		};
		476A11012A6489190021AA5F /* Release */ = {
			isa = XCBuildConfiguration;
			baseConfigurationReference = 860125F4E907A61AE87EA67F /* Pods-TaskMasterTests.release.xcconfig */;
			buildSettings = {
				ALWAYS_EMBED_SWIFT_STANDARD_LIBRARIES = YES;
				BUNDLE_LOADER = "$(TEST_HOST)";
				CODE_SIGN_STYLE = Automatic;
				CURRENT_PROJECT_VERSION = 1;
				DEVELOPMENT_TEAM = 9DJ3NHWZB3;
				GENERATE_INFOPLIST_FILE = YES;
				IPHONEOS_DEPLOYMENT_TARGET = 16.4;
				MARKETING_VERSION = 1.0;
				PRODUCT_BUNDLE_IDENTIFIER = com.cs4372.TaskMasterTests;
				PRODUCT_NAME = "$(TARGET_NAME)";
				SWIFT_EMIT_LOC_STRINGS = NO;
				SWIFT_VERSION = 5.0;
				TARGETED_DEVICE_FAMILY = "1,2";
				TEST_HOST = "$(BUILT_PRODUCTS_DIR)/TaskMaster.app/$(BUNDLE_EXECUTABLE_FOLDER_PATH)/TaskMaster";
			};
			name = Release;
		};
		476A11032A6489190021AA5F /* Debug */ = {
			isa = XCBuildConfiguration;
			baseConfigurationReference = 7A4EEF6D25F6D213680EAF54 /* Pods-TaskMaster-TaskMasterUITests.debug.xcconfig */;
			buildSettings = {
				ALWAYS_EMBED_SWIFT_STANDARD_LIBRARIES = YES;
				CODE_SIGN_STYLE = Automatic;
				CURRENT_PROJECT_VERSION = 1;
				DEVELOPMENT_TEAM = 9DJ3NHWZB3;
				GENERATE_INFOPLIST_FILE = YES;
				MARKETING_VERSION = 1.0;
				PRODUCT_BUNDLE_IDENTIFIER = com.cs4372.TaskMasterUITests;
				PRODUCT_NAME = "$(TARGET_NAME)";
				SWIFT_EMIT_LOC_STRINGS = NO;
				SWIFT_VERSION = 5.0;
				TARGETED_DEVICE_FAMILY = "1,2";
				TEST_TARGET_NAME = TaskMaster;
			};
			name = Debug;
		};
		476A11042A6489190021AA5F /* Release */ = {
			isa = XCBuildConfiguration;
			baseConfigurationReference = 650DE2D92307B3A84FA687F6 /* Pods-TaskMaster-TaskMasterUITests.release.xcconfig */;
			buildSettings = {
				ALWAYS_EMBED_SWIFT_STANDARD_LIBRARIES = YES;
				CODE_SIGN_STYLE = Automatic;
				CURRENT_PROJECT_VERSION = 1;
				DEVELOPMENT_TEAM = 9DJ3NHWZB3;
				GENERATE_INFOPLIST_FILE = YES;
				MARKETING_VERSION = 1.0;
				PRODUCT_BUNDLE_IDENTIFIER = com.cs4372.TaskMasterUITests;
				PRODUCT_NAME = "$(TARGET_NAME)";
				SWIFT_EMIT_LOC_STRINGS = NO;
				SWIFT_VERSION = 5.0;
				TARGETED_DEVICE_FAMILY = "1,2";
				TEST_TARGET_NAME = TaskMaster;
			};
			name = Release;
		};
/* End XCBuildConfiguration section */

/* Begin XCConfigurationList section */
		476A10CA2A6489170021AA5F /* Build configuration list for PBXProject "TaskMaster" */ = {
			isa = XCConfigurationList;
			buildConfigurations = (
				476A10FA2A6489190021AA5F /* Debug */,
				476A10FB2A6489190021AA5F /* Release */,
			);
			defaultConfigurationIsVisible = 0;
			defaultConfigurationName = Release;
		};
		476A10FC2A6489190021AA5F /* Build configuration list for PBXNativeTarget "TaskMaster" */ = {
			isa = XCConfigurationList;
			buildConfigurations = (
				476A10FD2A6489190021AA5F /* Debug */,
				476A10FE2A6489190021AA5F /* Release */,
			);
			defaultConfigurationIsVisible = 0;
			defaultConfigurationName = Release;
		};
		476A10FF2A6489190021AA5F /* Build configuration list for PBXNativeTarget "TaskMasterTests" */ = {
			isa = XCConfigurationList;
			buildConfigurations = (
				476A11002A6489190021AA5F /* Debug */,
				476A11012A6489190021AA5F /* Release */,
			);
			defaultConfigurationIsVisible = 0;
			defaultConfigurationName = Release;
		};
		476A11022A6489190021AA5F /* Build configuration list for PBXNativeTarget "TaskMasterUITests" */ = {
			isa = XCConfigurationList;
			buildConfigurations = (
				476A11032A6489190021AA5F /* Debug */,
				476A11042A6489190021AA5F /* Release */,
			);
			defaultConfigurationIsVisible = 0;
			defaultConfigurationName = Release;
		};
/* End XCConfigurationList section */

/* Begin XCVersionGroup section */
		476A10DB2A6489170021AA5F /* TaskMaster.xcdatamodeld */ = {
			isa = XCVersionGroup;
			children = (
				476A10DC2A6489170021AA5F /* TaskMaster.xcdatamodel */,
			);
			currentVersion = 476A10DC2A6489170021AA5F /* TaskMaster.xcdatamodel */;
			path = TaskMaster.xcdatamodeld;
			sourceTree = "<group>";
			versionGroupType = wrapper.xcdatamodel;
		};
/* End XCVersionGroup section */
	};
	rootObject = 476A10C72A6489170021AA5F /* Project object */;
}
